
Microsoft Visual Studio Solution File, Format Version 12.00
# Visual Studio Version 17
VisualStudioVersion = 17.11.35222.181
MinimumVisualStudioVersion = 10.0.40219.1
Project("{FAE04EC0-301F-11D3-BF4B-00C04F79EFBC}") = "AdoNet2.0", "AdoNet2.0\AdoNet2.0.csproj", "{F90FF610-475A-4871-9BD8-C18353F75DCA}"
EndProject
Project("{FAE04EC0-301F-11D3-BF4B-00C04F79EFBC}") = "Ado.Net3.0", "Ado.Net3.0\Ado.Net3.0.csproj", "{5217421A-2950-442C-992D-48D34E7E424A}"
EndProject
Global
	GlobalSection(SolutionConfigurationPlatforms) = preSolution
		Debug|Any CPU = Debug|Any CPU
		Release|Any CPU = Release|Any CPU
	EndGlobalSection
	GlobalSection(ProjectConfigurationPlatforms) = postSolution
		{F90FF610-475A-4871-9BD8-C18353F75DCA}.Debug|Any CPU.ActiveCfg = Debug|Any CPU
		{F90FF610-475A-4871-9BD8-C18353F75DCA}.Debug|Any CPU.Build.0 = Debug|Any CPU
		{F90FF610-475A-4871-9BD8-C18353F75DCA}.Release|Any CPU.ActiveCfg = Release|Any CPU
		{F90FF610-475A-4871-9BD8-C18353F75DCA}.Release|Any CPU.Build.0 = Release|Any CPU
		{5217421A-2950-442C-992D-48D34E7E424A}.Debug|Any CPU.ActiveCfg = Debug|Any CPU
		{5217421A-2950-442C-992D-48D34E7E424A}.Debug|Any CPU.Build.0 = Debug|Any CPU
		{5217421A-2950-442C-992D-48D34E7E424A}.Release|Any CPU.ActiveCfg = Release|Any CPU
		{5217421A-2950-442C-992D-48D34E7E424A}.Release|Any CPU.Build.0 = Release|Any CPU
	EndGlobalSection
	GlobalSection(SolutionProperties) = preSolution
		HideSolutionNode = FALSE
	EndGlobalSection
	GlobalSection(ExtensibilityGlobals) = postSolution
		SolutionGuid = {28492D46-3B55-497B-8945-43166A6EA954}
	EndGlobalSection
EndGlobal
